
Microsoft Visual Studio Solution File, Format Version 12.00
# Visual Studio Version 16
VisualStudioVersion = 16.0.33130.400
MinimumVisualStudioVersion = 10.0.40219.1
Project("{FAE04EC0-301F-11D3-BF4B-00C04F79EFBC}") = "TecnologApp", "TecnologApp.csproj", "{DBD6AF7C-C79E-4432-8836-C0F78607CB49}"
EndProject
Project("{FAE04EC0-301F-11D3-BF4B-00C04F79EFBC}") = "TecnologApp.Tests", "..\TecnologApp.Tests\TecnologApp.Tests.csproj", "{BB7D64AE-F59E-4397-BA73-9EF4F3FA3E10}"
EndProject
Global
	GlobalSection(SolutionConfigurationPlatforms) = preSolution
		Debug|Any CPU = Debug|Any CPU
		Release|Any CPU = Release|Any CPU
	EndGlobalSection
	GlobalSection(ProjectConfigurationPlatforms) = postSolution
		{DBD6AF7C-C79E-4432-8836-C0F78607CB49}.Debug|Any CPU.ActiveCfg = Debug|Any CPU
		{DBD6AF7C-C79E-4432-8836-C0F78607CB49}.Debug|Any CPU.Build.0 = Debug|Any CPU
		{DBD6AF7C-C79E-4432-8836-C0F78607CB49}.Release|Any CPU.ActiveCfg = Release|Any CPU
		{DBD6AF7C-C79E-4432-8836-C0F78607CB49}.Release|Any CPU.Build.0 = Release|Any CPU
		{BB7D64AE-F59E-4397-BA73-9EF4F3FA3E10}.Debug|Any CPU.ActiveCfg = Debug|Any CPU
		{BB7D64AE-F59E-4397-BA73-9EF4F3FA3E10}.Debug|Any CPU.Build.0 = Debug|Any CPU
		{BB7D64AE-F59E-4397-BA73-9EF4F3FA3E10}.Release|Any CPU.ActiveCfg = Release|Any CPU
		{BB7D64AE-F59E-4397-BA73-9EF4F3FA3E10}.Release|Any CPU.Build.0 = Release|Any CPU
	EndGlobalSection
	GlobalSection(SolutionProperties) = preSolution
		HideSolutionNode = FALSE
	EndGlobalSection
	GlobalSection(ExtensibilityGlobals) = postSolution
		SolutionGuid = {99799707-C221-4A5B-BF7B-038632202D6C}
	EndGlobalSection
EndGlobal
